
Microsoft Visual Studio Solution File, Format Version 12.00
# Visual Studio Version 17
VisualStudioVersion = 17.2.32602.215
MinimumVisualStudioVersion = 10.0.40219.1
Project("{FAE04EC0-301F-11D3-BF4B-00C04F79EFBC}") = "simple ass", "simple ass\simple ass.csproj", "{8AE21945-DEC0-42A7-B822-4C45AD33F27A}"
EndProject
Global
	GlobalSection(SolutionConfigurationPlatforms) = preSolution
		Debug|Any CPU = Debug|Any CPU
		Release|Any CPU = Release|Any CPU
	EndGlobalSection
	GlobalSection(ProjectConfigurationPlatforms) = postSolution
		{8AE21945-DEC0-42A7-B822-4C45AD33F27A}.Debug|Any CPU.ActiveCfg = Debug|Any CPU
		{8AE21945-DEC0-42A7-B822-4C45AD33F27A}.Debug|Any CPU.Build.0 = Debug|Any CPU
		{8AE21945-DEC0-42A7-B822-4C45AD33F27A}.Release|Any CPU.ActiveCfg = Release|Any CPU
		{8AE21945-DEC0-42A7-B822-4C45AD33F27A}.Release|Any CPU.Build.0 = Release|Any CPU
	EndGlobalSection
	GlobalSection(SolutionProperties) = preSolution
		HideSolutionNode = FALSE
	EndGlobalSection
	GlobalSection(ExtensibilityGlobals) = postSolution
		SolutionGuid = {DA61A525-2D7D-4D56-92E3-3BC3CEE2A483}
	EndGlobalSection
EndGlobal
